
Microsoft Visual Studio Solution File, Format Version 12.00
# Visual Studio Version 16
VisualStudioVersion = 16.0.29001.49
MinimumVisualStudioVersion = 10.0.40219.1
Project("{FAE04EC0-301F-11D3-BF4B-00C04F79EFBC}") = "equiposdebeisbol", "equiposdebeisbol\equiposdebeisbol.csproj", "{B20C1C6E-D02D-43F6-BD2B-30A7D40FC5D1}"
EndProject
Global
	GlobalSection(SolutionConfigurationPlatforms) = preSolution
		Debug|Any CPU = Debug|Any CPU
		Release|Any CPU = Release|Any CPU
	EndGlobalSection
	GlobalSection(ProjectConfigurationPlatforms) = postSolution
		{B20C1C6E-D02D-43F6-BD2B-30A7D40FC5D1}.Debug|Any CPU.ActiveCfg = Debug|Any CPU
		{B20C1C6E-D02D-43F6-BD2B-30A7D40FC5D1}.Debug|Any CPU.Build.0 = Debug|Any CPU
		{B20C1C6E-D02D-43F6-BD2B-30A7D40FC5D1}.Release|Any CPU.ActiveCfg = Release|Any CPU
		{B20C1C6E-D02D-43F6-BD2B-30A7D40FC5D1}.Release|Any CPU.Build.0 = Release|Any CPU
	EndGlobalSection
	GlobalSection(SolutionProperties) = preSolution
		HideSolutionNode = FALSE
	EndGlobalSection
	GlobalSection(ExtensibilityGlobals) = postSolution
		SolutionGuid = {BD7AE0B7-B5C8-48B5-9BF4-1891C032EFBA}
	EndGlobalSection
EndGlobal
